{
  "version": 4,
  "terraform_version": "1.16.1",
  "serial": 3,
  "lineage": "6cfbefab-0eab-9576-4d8c-3b3e362d4b99",
  "outputs": {
    "aws_account_id": {
      "value": "657477597214",
      "type": "string"
    },
    "aws_principal_arn": {
      "value": "arn:aws:iam::657477597214:user/resume-admin",
      "type": "string"
    },
    "aws_region": {
      "value": "us-east-2",
      "type": "string"
    },
    "resume_bucket_name": {
      "value": "cloud-resume-f3aa1e59cc4b40a8000a1cb67a",
      "type": "string"
    }
  },
  "resources": [
    {
      "mode": "data",
      "type": "aws_caller_identity",
      "name": "current",
      "provider": "provider[\"registry.terraform.io/hashicorp/aws\"]",
      "instances": [
        {
          "schema_version": 0,
          "attributes": {
            "account_id": "657477597214",
            "arn": "arn:aws:iam::657477597214:user/resume-admin",
            "id": "657477597214",
            "user_id": "AIDAZSFFX7APF6SQOXHOM"
          },
          "sensitive_attributes": [],
          "identity_schema_version": 0
        }
      ]
    },
    {
      "mode": "data",
      "type": "aws_region",
      "name": "current",
      "provider": "provider[\"registry.terraform.io/hashicorp/aws\"]",
      "instances": [
        {
          "schema_version": 0,
          "attributes": {
            "description": "US East (Ohio)",
            "endpoint": "ec2.us-east-2.amazonaws.com",
            "id": "us-east-2",
            "name": "us-east-2",
            "region": "us-east-2"
          },
          "sensitive_attributes": [],
          "identity_schema_version": 0
        }
      ]
    },
    {
      "mode": "managed",
      "type": "aws_s3_bucket",
      "name": "resume",
      "provider": "provider[\"registry.terraform.io/hashicorp/aws\"]",
      "instances": [
        {
          "schema_version": 0,
          "attributes": {
            "acceleration_status": "",
            "acl": null,
            "arn": "arn:aws:s3:::cloud-resume-f3aa1e59cc4b40a8000a1cb67a",
            "bucket": "cloud-resume-f3aa1e59cc4b40a8000a1cb67a",
            "bucket_domain_name": "cloud-resume-f3aa1e59cc4b40a8000a1cb67a.s3.amazonaws.com",
            "bucket_namespace": "global",
            "bucket_prefix": "cloud-resume-",
            "bucket_region": "us-east-2",
            "bucket_regional_domain_name": "cloud-resume-f3aa1e59cc4b40a8000a1cb67a.s3.us-east-2.amazonaws.com",
            "cors_rule": [],
            "force_destroy": false,
            "grant": [
              {
                "id": "6dbb94faaaa3a615187f64e47cce0ce5873a3a3532079c57287c56b342855545",
                "permissions": [
                  "FULL_CONTROL"
                ],
                "type": "CanonicalUser",
                "uri": ""
              }
            ],
            "hosted_zone_id": "Z2O1EMRO9K5GLX",
            "id": "cloud-resume-f3aa1e59cc4b40a8000a1cb67a",
            "lifecycle_rule": [],
            "logging": [],
            "object_lock_configuration": [],
            "object_lock_enabled": false,
            "policy": "",
            "region": "us-east-2",
            "replication_configuration": [],
            "request_payer": "BucketOwner",
            "server_side_encryption_configuration": [
              {
                "rule": [
                  {
                    "apply_server_side_encryption_by_default": [
                      {
                        "kms_master_key_id": "",
                        "sse_algorithm": "AES256"
                      }
                    ],
                    "bucket_key_enabled": false
                  }
                ]
              }
            ],
            "tags": {
              "ManagedBy": "terraform",
              "Project": "cloud-resume"
            },
            "tags_all": {
              "ManagedBy": "terraform",
              "Project": "cloud-resume"
            },
            "timeouts": null,
            "versioning": [
              {
                "enabled": false,
                "mfa_delete": false
              }
            ],
            "website": [],
            "website_domain": null,
            "website_endpoint": null
          },
          "sensitive_attributes": [],
          "identity_schema_version": 0,
          "identity": {
            "account_id": "657477597214",
            "bucket": "cloud-resume-f3aa1e59cc4b40a8000a1cb67a",
            "region": "us-east-2"
          },
          "private": "eyJlMmJmYjczMC1lY2FhLTExZTYtOGY4OC0zNDM2M2JjN2M0YzAiOnsiY3JlYXRlIjoxMjAwMDAwMDAwMDAwLCJkZWxldGUiOjM2MDAwMDAwMDAwMDAsInJlYWQiOjEyMDAwMDAwMDAwMDAsInVwZGF0ZSI6MTIwMDAwMDAwMDAwMH19"
        }
      ]
    },
    {
      "mode": "managed",
      "type": "aws_s3_bucket_public_access_block",
      "name": "resume",
      "provider": "provider[\"registry.terraform.io/hashicorp/aws\"]",
      "instances": [
        {
          "schema_version": 0,
          "attributes": {
            "block_public_acls": true,
            "block_public_policy": true,
            "bucket": "cloud-resume-f3aa1e59cc4b40a8000a1cb67a",
            "id": "cloud-resume-f3aa1e59cc4b40a8000a1cb67a",
            "ignore_public_acls": true,
            "region": "us-east-2",
            "restrict_public_buckets": true,
            "skip_destroy": null
          },
          "sensitive_attributes": [],
          "identity_schema_version": 0,
          "identity": {
            "account_id": "657477597214",
            "bucket": "cloud-resume-f3aa1e59cc4b40a8000a1cb67a",
            "region": "us-east-2"
          },
          "private": "bnVsbA==",
          "dependencies": [
            "aws_s3_bucket.resume"
          ]
        }
      ]
    }
  ],
  "check_results": null
}
